
Microsoft Visual Studio Solution File, Format Version 12.00
# Visual Studio 2015
Project("{FAE04EC0-301F-11D3-BF4B-00C04F79EFBC}") = "SamsonTheSamurai.CSharp.Plugins", "SamsonTheSamurai.CSharp.Plugins.csproj", "{E544F055-E19E-60EB-8BAC-B1857063B7C3}"
EndProject
Project("{FAE04EC0-301F-11D3-BF4B-00C04F79EFBC}") = "SamsonTheSamurai.CSharp", "SamsonTheSamurai.CSharp.csproj", "{57700BE6-9ED9-A0E6-4DA0-722E5732AD64}"
EndProject
Project("{FAE04EC0-301F-11D3-BF4B-00C04F79EFBC}") = "SamsonTheSamurai.CSharp.Editor.Plugins", "SamsonTheSamurai.CSharp.Editor.Plugins.csproj", "{F565CF88-10CF-E896-BE8C-3452CFA3407C}"
EndProject
Project("{FAE04EC0-301F-11D3-BF4B-00C04F79EFBC}") = "SamsonTheSamurai.CSharp.Editor", "SamsonTheSamurai.CSharp.Editor.csproj", "{29ED914B-3DDA-6A34-98C1-D4B05EAAD523}"
EndProject
Global
	GlobalSection(SolutionConfigurationPlatforms) = preSolution
		Debug|Any CPU = Debug|Any CPU
		Release|Any CPU = Release|Any CPU
	EndGlobalSection
	GlobalSection(ProjectConfigurationPlatforms) = postSolution
		{E544F055-E19E-60EB-8BAC-B1857063B7C3}.Debug|Any CPU.ActiveCfg = Debug|Any CPU
		{E544F055-E19E-60EB-8BAC-B1857063B7C3}.Debug|Any CPU.Build.0 = Debug|Any CPU
		{E544F055-E19E-60EB-8BAC-B1857063B7C3}.Release|Any CPU.ActiveCfg = Release|Any CPU
		{E544F055-E19E-60EB-8BAC-B1857063B7C3}.Release|Any CPU.Build.0 = Release|Any CPU
		{57700BE6-9ED9-A0E6-4DA0-722E5732AD64}.Debug|Any CPU.ActiveCfg = Debug|Any CPU
		{57700BE6-9ED9-A0E6-4DA0-722E5732AD64}.Debug|Any CPU.Build.0 = Debug|Any CPU
		{57700BE6-9ED9-A0E6-4DA0-722E5732AD64}.Release|Any CPU.ActiveCfg = Release|Any CPU
		{57700BE6-9ED9-A0E6-4DA0-722E5732AD64}.Release|Any CPU.Build.0 = Release|Any CPU
		{F565CF88-10CF-E896-BE8C-3452CFA3407C}.Debug|Any CPU.ActiveCfg = Debug|Any CPU
		{F565CF88-10CF-E896-BE8C-3452CFA3407C}.Debug|Any CPU.Build.0 = Debug|Any CPU
		{F565CF88-10CF-E896-BE8C-3452CFA3407C}.Release|Any CPU.ActiveCfg = Release|Any CPU
		{F565CF88-10CF-E896-BE8C-3452CFA3407C}.Release|Any CPU.Build.0 = Release|Any CPU
		{29ED914B-3DDA-6A34-98C1-D4B05EAAD523}.Debug|Any CPU.ActiveCfg = Debug|Any CPU
		{29ED914B-3DDA-6A34-98C1-D4B05EAAD523}.Debug|Any CPU.Build.0 = Debug|Any CPU
		{29ED914B-3DDA-6A34-98C1-D4B05EAAD523}.Release|Any CPU.ActiveCfg = Release|Any CPU
		{29ED914B-3DDA-6A34-98C1-D4B05EAAD523}.Release|Any CPU.Build.0 = Release|Any CPU
	EndGlobalSection
	GlobalSection(SolutionProperties) = preSolution
		HideSolutionNode = FALSE
	EndGlobalSection
EndGlobal
